
Microsoft Visual Studio Solution File, Format Version 12.00
# Visual Studio 15
VisualStudioVersion = 15.0.27703.2042
MinimumVisualStudioVersion = 10.0.40219.1
Project("{FAE04EC0-301F-11D3-BF4B-00C04F79EFBC}") = "ImprovedEnumCore", "ImprovedEnumCore\ImprovedEnumCore.csproj", "{5DF43015-EBCA-47EF-9E5B-A3418CB49BCC}"
EndProject
Global
	GlobalSection(SolutionConfigurationPlatforms) = preSolution
		Debug|Any CPU = Debug|Any CPU
		Release|Any CPU = Release|Any CPU
	EndGlobalSection
	GlobalSection(ProjectConfigurationPlatforms) = postSolution
		{5DF43015-EBCA-47EF-9E5B-A3418CB49BCC}.Debug|Any CPU.ActiveCfg = Debug|Any CPU
		{5DF43015-EBCA-47EF-9E5B-A3418CB49BCC}.Debug|Any CPU.Build.0 = Debug|Any CPU
		{5DF43015-EBCA-47EF-9E5B-A3418CB49BCC}.Release|Any CPU.ActiveCfg = Release|Any CPU
		{5DF43015-EBCA-47EF-9E5B-A3418CB49BCC}.Release|Any CPU.Build.0 = Release|Any CPU
	EndGlobalSection
	GlobalSection(SolutionProperties) = preSolution
		HideSolutionNode = FALSE
	EndGlobalSection
	GlobalSection(ExtensibilityGlobals) = postSolution
		SolutionGuid = {777C58CE-5931-4CB6-8004-5F32EFBD50CC}
	EndGlobalSection
EndGlobal
